
Microsoft Visual Studio Solution File, Format Version 12.00
# Visual Studio Version 17
VisualStudioVersion = 17.3.32922.545
MinimumVisualStudioVersion = 10.0.40219.1
Project("{FAE04EC0-301F-11D3-BF4B-00C04F79EFBC}") = "To-Do", "To-Do\To-Do.csproj", "{4A525F43-D9C8-4559-BA3A-D929C2A923F2}"
EndProject
Global
	GlobalSection(SolutionConfigurationPlatforms) = preSolution
		Debug|Any CPU = Debug|Any CPU
		Release|Any CPU = Release|Any CPU
	EndGlobalSection
	GlobalSection(ProjectConfigurationPlatforms) = postSolution
		{4A525F43-D9C8-4559-BA3A-D929C2A923F2}.Debug|Any CPU.ActiveCfg = Debug|Any CPU
		{4A525F43-D9C8-4559-BA3A-D929C2A923F2}.Debug|Any CPU.Build.0 = Debug|Any CPU
		{4A525F43-D9C8-4559-BA3A-D929C2A923F2}.Release|Any CPU.ActiveCfg = Release|Any CPU
		{4A525F43-D9C8-4559-BA3A-D929C2A923F2}.Release|Any CPU.Build.0 = Release|Any CPU
	EndGlobalSection
	GlobalSection(SolutionProperties) = preSolution
		HideSolutionNode = FALSE
	EndGlobalSection
	GlobalSection(ExtensibilityGlobals) = postSolution
		SolutionGuid = {2514A315-DF1D-45CF-8E49-CD464F26AF5F}
	EndGlobalSection
EndGlobal
